
Microsoft Visual Studio Solution File, Format Version 12.00
# Visual Studio Version 17
VisualStudioVersion = 17.0.31903.59
MinimumVisualStudioVersion = 10.0.40219.1
Project("{FAE04EC0-301F-11D3-BF4B-00C04F79EFBC}") = "NaughtyDogLocalizationTool", "NaughtyDogLocalizationTool.csproj", "{60214276-1FA7-4BFA-A775-BD9134790C05}"
EndProject
Global
	GlobalSection(SolutionConfigurationPlatforms) = preSolution
		Debug|Any CPU = Debug|Any CPU
		Release|Any CPU = Release|Any CPU
	EndGlobalSection
	GlobalSection(ProjectConfigurationPlatforms) = postSolution
		{60214276-1FA7-4BFA-A775-BD9134790C05}.Debug|Any CPU.ActiveCfg = Debug|Any CPU
		{60214276-1FA7-4BFA-A775-BD9134790C05}.Debug|Any CPU.Build.0 = Debug|Any CPU
		{60214276-1FA7-4BFA-A775-BD9134790C05}.Release|Any CPU.ActiveCfg = Release|Any CPU
		{60214276-1FA7-4BFA-A775-BD9134790C05}.Release|Any CPU.Build.0 = Release|Any CPU
	EndGlobalSection
	GlobalSection(SolutionProperties) = preSolution
		HideSolutionNode = FALSE
	EndGlobalSection
	GlobalSection(ExtensibilityGlobals) = postSolution
		SolutionGuid = {CE666D7F-3F81-46CE-8BBE-4BFC33655C65}
	EndGlobalSection
EndGlobal
